// !$*UTF8*$!
{
	archiveVersion = 1;
	classes = {
	};
	objectVersion = 48;
	objects = {

/* Begin PBXBuildFile section */
		732C90E71F8B1F7500F22AB1 /* AppDelegate.m in Sources */ = {isa = PBXBuildFile; fileRef = 732C90E61F8B1F7500F22AB1 /* AppDelegate.m */; };
		732C90EA1F8B1F7500F22AB1 /* ViewController.m in Sources */ = {isa = PBXBuildFile; fileRef = 732C90E91F8B1F7500F22AB1 /* ViewController.m */; };
		732C90ED1F8B1F7500F22AB1 /* Main.storyboard in Resources */ = {isa = PBXBuildFile; fileRef = 732C90EB1F8B1F7500F22AB1 /* Main.storyboard */; };
		732C90EF1F8B1F7500F22AB1 /* Assets.xcassets in Resources */ = {isa = PBXBuildFile; fileRef = 732C90EE1F8B1F7500F22AB1 /* Assets.xcassets */; };
		732C90F21F8B1F7500F22AB1 /* LaunchScreen.storyboard in Resources */ = {isa = PBXBuildFile; fileRef = 732C90F01F8B1F7500F22AB1 /* LaunchScreen.storyboard */; };
		732C90F51F8B1F7500F22AB1 /* main.m in Sources */ = {isa = PBXBuildFile; fileRef = 732C90F41F8B1F7500F22AB1 /* main.m */; };
		732C90FE1F8B24DE00F22AB1 /* NSString+HZHttpCache.m in Sources */ = {isa = PBXBuildFile; fileRef = 732C90FD1F8B24DE00F22AB1 /* NSString+HZHttpCache.m */; };
		732C91011F8B26A500F22AB1 /* HZHttpResponseCache.m in Sources */ = {isa = PBXBuildFile; fileRef = 732C91001F8B26A500F22AB1 /* HZHttpResponseCache.m */; };
		F139B79830EDA9D91E8A2B5C /* libPods-HZHttpCache.a in Frameworks */ = {isa = PBXBuildFile; fileRef = 6EF2984D9683E55379B33C8E /* libPods-HZHttpCache.a */; };
/* End PBXBuildFile section */

/* Begin PBXFileReference section */
		6EF2984D9683E55379B33C8E /* libPods-HZHttpCache.a */ = {isa = PBXFileReference; explicitFileType = archive.ar; includeInIndex = 0; path = "libPods-HZHttpCache.a"; sourceTree = BUILT_PRODUCTS_DIR; };
		732C90E21F8B1F7500F22AB1 /* HZHttpCache.app */ = {isa = PBXFileReference; explicitFileType = wrapper.application; includeInIndex = 0; path = HZHttpCache.app; sourceTree = BUILT_PRODUCTS_DIR; };
		732C90E51F8B1F7500F22AB1 /* AppDelegate.h */ = {isa = PBXFileReference; lastKnownFileType = sourcecode.c.h; path = AppDelegate.h; sourceTree = "<group>"; };
		732C90E61F8B1F7500F22AB1 /* AppDelegate.m */ = {isa = PBXFileReference; lastKnownFileType = sourcecode.c.objc; path = AppDelegate.m; sourceTree = "<group>"; };
		732C90E81F8B1F7500F22AB1 /* ViewController.h */ = {isa = PBXFileReference; lastKnownFileType = sourcecode.c.h; path = ViewController.h; sourceTree = "<group>"; };
		732C90E91F8B1F7500F22AB1 /* ViewController.m */ = {isa = PBXFileReference; lastKnownFileType = sourcecode.c.objc; path = ViewController.m; sourceTree = "<group>"; };
		732C90EC1F8B1F7500F22AB1 /* Base */ = {isa = PBXFileReference; lastKnownFileType = file.storyboard; name = Base; path = Base.lproj/Main.storyboard; sourceTree = "<group>"; };
		732C90EE1F8B1F7500F22AB1 /* Assets.xcassets */ = {isa = PBXFileReference; lastKnownFileType = folder.assetcatalog; path = Assets.xcassets; sourceTree = "<group>"; };
		732C90F11F8B1F7500F22AB1 /* Base */ = {isa = PBXFileReference; lastKnownFileType = file.storyboard; name = Base; path = Base.lproj/LaunchScreen.storyboard; sourceTree = "<group>"; };
		732C90F31F8B1F7500F22AB1 /* Info.plist */ = {isa = PBXFileReference; lastKnownFileType = text.plist.xml; path = Info.plist; sourceTree = "<group>"; };
		732C90F41F8B1F7500F22AB1 /* main.m */ = {isa = PBXFileReference; lastKnownFileType = sourcecode.c.objc; path = main.m; sourceTree = "<group>"; };
		732C90FC1F8B24DE00F22AB1 /* NSString+HZHttpCache.h */ = {isa = PBXFileReference; lastKnownFileType = sourcecode.c.h; path = "NSString+HZHttpCache.h"; sourceTree = "<group>"; };
		732C90FD1F8B24DE00F22AB1 /* NSString+HZHttpCache.m */ = {isa = PBXFileReference; lastKnownFileType = sourcecode.c.objc; path = "NSString+HZHttpCache.m"; sourceTree = "<group>"; };
		732C90FF1F8B26A500F22AB1 /* HZHttpResponseCache.h */ = {isa = PBXFileReference; lastKnownFileType = sourcecode.c.h; path = HZHttpResponseCache.h; sourceTree = "<group>"; };
		732C91001F8B26A500F22AB1 /* HZHttpResponseCache.m */ = {isa = PBXFileReference; lastKnownFileType = sourcecode.c.objc; path = HZHttpResponseCache.m; sourceTree = "<group>"; };
		9A797A3663BBACBB34A455DC /* Pods-HZHttpCache.release.xcconfig */ = {isa = PBXFileReference; includeInIndex = 1; lastKnownFileType = text.xcconfig; name = "Pods-HZHttpCache.release.xcconfig"; path = "Pods/Target Support Files/Pods-HZHttpCache/Pods-HZHttpCache.release.xcconfig"; sourceTree = "<group>"; };
		D7C06143BF9BBBD194B72D46 /* Pods-HZHttpCache.debug.xcconfig */ = {isa = PBXFileReference; includeInIndex = 1; lastKnownFileType = text.xcconfig; name = "Pods-HZHttpCache.debug.xcconfig"; path = "Pods/Target Support Files/Pods-HZHttpCache/Pods-HZHttpCache.debug.xcconfig"; sourceTree = "<group>"; };
/* End PBXFileReference section */

/* Begin PBXFrameworksBuildPhase section */
		732C90DF1F8B1F7500F22AB1 /* Frameworks */ = {
			isa = PBXFrameworksBuildPhase;
			buildActionMask = 2147483647;
			files = (
				F139B79830EDA9D91E8A2B5C /* libPods-HZHttpCache.a in Frameworks */,
			);
			runOnlyForDeploymentPostprocessing = 0;
		};
/* End PBXFrameworksBuildPhase section */

/* Begin PBXGroup section */
		19A2B434737EBBFB1885E4F3 /* Frameworks */ = {
			isa = PBXGroup;
			children = (
				6EF2984D9683E55379B33C8E /* libPods-HZHttpCache.a */,
			);
			name = Frameworks;
			sourceTree = "<group>";
		};
		732C90D91F8B1F7500F22AB1 = {
			isa = PBXGroup;
			children = (
				732C90E41F8B1F7500F22AB1 /* HZHttpCache */,
				732C90E31F8B1F7500F22AB1 /* Products */,
				DAFB892482662ABEB84BC437 /* Pods */,
				19A2B434737EBBFB1885E4F3 /* Frameworks */,
			);
			sourceTree = "<group>";
		};
		732C90E31F8B1F7500F22AB1 /* Products */ = {
			isa = PBXGroup;
			children = (
				732C90E21F8B1F7500F22AB1 /* HZHttpCache.app */,
			);
			name = Products;
			sourceTree = "<group>";
		};
		732C90E41F8B1F7500F22AB1 /* HZHttpCache */ = {
			isa = PBXGroup;
			children = (
				732C90FB1F8B24B900F22AB1 /* cache */,
				732C90E51F8B1F7500F22AB1 /* AppDelegate.h */,
				732C90E61F8B1F7500F22AB1 /* AppDelegate.m */,
				732C90E81F8B1F7500F22AB1 /* ViewController.h */,
				732C90E91F8B1F7500F22AB1 /* ViewController.m */,
				732C90EB1F8B1F7500F22AB1 /* Main.storyboard */,
				732C90EE1F8B1F7500F22AB1 /* Assets.xcassets */,
				732C90F01F8B1F7500F22AB1 /* LaunchScreen.storyboard */,
				732C90F31F8B1F7500F22AB1 /* Info.plist */,
				732C90F41F8B1F7500F22AB1 /* main.m */,
			);
			path = HZHttpCache;
			sourceTree = "<group>";
		};
		732C90FB1F8B24B900F22AB1 /* cache */ = {
			isa = PBXGroup;
			children = (
				732C90FC1F8B24DE00F22AB1 /* NSString+HZHttpCache.h */,
				732C90FD1F8B24DE00F22AB1 /* NSString+HZHttpCache.m */,
				732C90FF1F8B26A500F22AB1 /* HZHttpResponseCache.h */,
				732C91001F8B26A500F22AB1 /* HZHttpResponseCache.m */,
			);
			path = cache;
			sourceTree = "<group>";
		};
		DAFB892482662ABEB84BC437 /* Pods */ = {
			isa = PBXGroup;
			children = (
				D7C06143BF9BBBD194B72D46 /* Pods-HZHttpCache.debug.xcconfig */,
				9A797A3663BBACBB34A455DC /* Pods-HZHttpCache.release.xcconfig */,
			);
			name = Pods;
			sourceTree = "<group>";
		};
/* End PBXGroup section */

/* Begin PBXNativeTarget section */
		732C90E11F8B1F7500F22AB1 /* HZHttpCache */ = {
			isa = PBXNativeTarget;
			buildConfigurationList = 732C90F81F8B1F7500F22AB1 /* Build configuration list for PBXNativeTarget "HZHttpCache" */;
			buildPhases = (
				FB564DCF32DE7E2AE7877B9F /* [CP] Check Pods Manifest.lock */,
				732C90DE1F8B1F7500F22AB1 /* Sources */,
				732C90DF1F8B1F7500F22AB1 /* Frameworks */,
				732C90E01F8B1F7500F22AB1 /* Resources */,
				3FC62D1EB80F132F57EC8AD6 /* [CP] Embed Pods Frameworks */,
				94A39CD49F3CAEE2D06CFDE8 /* [CP] Copy Pods Resources */,
			);
			buildRules = (
			);
			dependencies = (
			);
			name = HZHttpCache;
			productName = HZHttpCache;
			productReference = 732C90E21F8B1F7500F22AB1 /* HZHttpCache.app */;
			productType = "com.apple.product-type.application";
		};
/* End PBXNativeTarget section */

/* Begin PBXProject section */
		732C90DA1F8B1F7500F22AB1 /* Project object */ = {
			isa = PBXProject;
			attributes = {
				CLASSPREFIX = HZ;
				LastUpgradeCheck = 0900;
				ORGANIZATIONNAME = "韩志峰";
				TargetAttributes = {
					732C90E11F8B1F7500F22AB1 = {
						CreatedOnToolsVersion = 9.0;
						ProvisioningStyle = Automatic;
					};
				};
			};
			buildConfigurationList = 732C90DD1F8B1F7500F22AB1 /* Build configuration list for PBXProject "HZHttpCache" */;
			compatibilityVersion = "Xcode 8.0";
			developmentRegion = en;
			hasScannedForEncodings = 0;
			knownRegions = (
				en,
				Base,
			);
			mainGroup = 732C90D91F8B1F7500F22AB1;
			productRefGroup = 732C90E31F8B1F7500F22AB1 /* Products */;
			projectDirPath = "";
			projectRoot = "";
			targets = (
				732C90E11F8B1F7500F22AB1 /* HZHttpCache */,
			);
		};
/* End PBXProject section */

/* Begin PBXResourcesBuildPhase section */
		732C90E01F8B1F7500F22AB1 /* Resources */ = {
			isa = PBXResourcesBuildPhase;
			buildActionMask = 2147483647;
			files = (
				732C90F21F8B1F7500F22AB1 /* LaunchScreen.storyboard in Resources */,
				732C90EF1F8B1F7500F22AB1 /* Assets.xcassets in Resources */,
				732C90ED1F8B1F7500F22AB1 /* Main.storyboard in Resources */,
			);
			runOnlyForDeploymentPostprocessing = 0;
		};
/* End PBXResourcesBuildPhase section */

/* Begin PBXShellScriptBuildPhase section */
		3FC62D1EB80F132F57EC8AD6 /* [CP] Embed Pods Frameworks */ = {
			isa = PBXShellScriptBuildPhase;
			buildActionMask = 2147483647;
			files = (
			);
			inputPaths = (
			);
			name = "[CP] Embed Pods Frameworks";
			outputPaths = (
			);
			runOnlyForDeploymentPostprocessing = 0;
			shellPath = /bin/sh;
			shellScript = "\"${SRCROOT}/Pods/Target Support Files/Pods-HZHttpCache/Pods-HZHttpCache-frameworks.sh\"\n";
			showEnvVarsInLog = 0;
		};
		94A39CD49F3CAEE2D06CFDE8 /* [CP] Copy Pods Resources */ = {
			isa = PBXShellScriptBuildPhase;
			buildActionMask = 2147483647;
			files = (
			);
			inputPaths = (
			);
			name = "[CP] Copy Pods Resources";
			outputPaths = (
			);
			runOnlyForDeploymentPostprocessing = 0;
			shellPath = /bin/sh;
			shellScript = "\"${SRCROOT}/Pods/Target Support Files/Pods-HZHttpCache/Pods-HZHttpCache-resources.sh\"\n";
			showEnvVarsInLog = 0;
		};
		FB564DCF32DE7E2AE7877B9F /* [CP] Check Pods Manifest.lock */ = {
			isa = PBXShellScriptBuildPhase;
			buildActionMask = 2147483647;
			files = (
			);
			inputPaths = (
			);
			name = "[CP] Check Pods Manifest.lock";
			outputPaths = (
			);
			runOnlyForDeploymentPostprocessing = 0;
			shellPath = /bin/sh;
			shellScript = "diff \"${PODS_ROOT}/../Podfile.lock\" \"${PODS_ROOT}/Manifest.lock\" > /dev/null\nif [[ $? != 0 ]] ; then\n    cat << EOM\nerror: The sandbox is not in sync with the Podfile.lock. Run 'pod install' or update your CocoaPods installation.\nEOM\n    exit 1\nfi\n";
			showEnvVarsInLog = 0;
		};
/* End PBXShellScriptBuildPhase section */

/* Begin PBXSourcesBuildPhase section */
		732C90DE1F8B1F7500F22AB1 /* Sources */ = {
			isa = PBXSourcesBuildPhase;
			buildActionMask = 2147483647;
			files = (
				732C90EA1F8B1F7500F22AB1 /* ViewController.m in Sources */,
				732C90F51F8B1F7500F22AB1 /* main.m in Sources */,
				732C90FE1F8B24DE00F22AB1 /* NSString+HZHttpCache.m in Sources */,
				732C91011F8B26A500F22AB1 /* HZHttpResponseCache.m in Sources */,
				732C90E71F8B1F7500F22AB1 /* AppDelegate.m in Sources */,
			);
			runOnlyForDeploymentPostprocessing = 0;
		};
/* End PBXSourcesBuildPhase section */

/* Begin PBXVariantGroup section */
		732C90EB1F8B1F7500F22AB1 /* Main.storyboard */ = {
			isa = PBXVariantGroup;
			children = (
				732C90EC1F8B1F7500F22AB1 /* Base */,
			);
			name = Main.storyboard;
			sourceTree = "<group>";
		};
		732C90F01F8B1F7500F22AB1 /* LaunchScreen.storyboard */ = {
			isa = PBXVariantGroup;
			children = (
				732C90F11F8B1F7500F22AB1 /* Base */,
			);
			name = LaunchScreen.storyboard;
			sourceTree = "<group>";
		};
/* End PBXVariantGroup section */

/* Begin XCBuildConfiguration section */
		732C90F61F8B1F7500F22AB1 /* Debug */ = {
			isa = XCBuildConfiguration;
			buildSettings = {
				ALWAYS_SEARCH_USER_PATHS = NO;
				CLANG_ANALYZER_NONNULL = YES;
				CLANG_ANALYZER_NUMBER_OBJECT_CONVERSION = YES_AGGRESSIVE;
				CLANG_CXX_LANGUAGE_STANDARD = "gnu++14";
				CLANG_CXX_LIBRARY = "libc++";
				CLANG_ENABLE_MODULES = YES;
				CLANG_ENABLE_OBJC_ARC = YES;
				CLANG_WARN_BLOCK_CAPTURE_AUTORELEASING = YES;
				CLANG_WARN_BOOL_CONVERSION = YES;
				CLANG_WARN_COMMA = YES;
				CLANG_WARN_CONSTANT_CONVERSION = YES;
				CLANG_WARN_DIRECT_OBJC_ISA_USAGE = YES_ERROR;
				CLANG_WARN_DOCUMENTATION_COMMENTS = YES;
				CLANG_WARN_EMPTY_BODY = YES;
				CLANG_WARN_ENUM_CONVERSION = YES;
				CLANG_WARN_INFINITE_RECURSION = YES;
				CLANG_WARN_INT_CONVERSION = YES;
				CLANG_WARN_NON_LITERAL_NULL_CONVERSION = YES;
				CLANG_WARN_OBJC_LITERAL_CONVERSION = YES;
				CLANG_WARN_OBJC_ROOT_CLASS = YES_ERROR;
				CLANG_WARN_RANGE_LOOP_ANALYSIS = YES;
				CLANG_WARN_STRICT_PROTOTYPES = YES;
				CLANG_WARN_SUSPICIOUS_MOVE = YES;
				CLANG_WARN_UNGUARDED_AVAILABILITY = YES_AGGRESSIVE;
				CLANG_WARN_UNREACHABLE_CODE = YES;
				CLANG_WARN__DUPLICATE_METHOD_MATCH = YES;
				CODE_SIGN_IDENTITY = "iPhone Developer";
				COPY_PHASE_STRIP = NO;
				DEBUG_INFORMATION_FORMAT = dwarf;
				ENABLE_STRICT_OBJC_MSGSEND = YES;
				ENABLE_TESTABILITY = YES;
				GCC_C_LANGUAGE_STANDARD = gnu11;
				GCC_DYNAMIC_NO_PIC = NO;
				GCC_NO_COMMON_BLOCKS = YES;
				GCC_OPTIMIZATION_LEVEL = 0;
				GCC_PREPROCESSOR_DEFINITIONS = (
					"DEBUG=1",
					"$(inherited)",
				);
				GCC_WARN_64_TO_32_BIT_CONVERSION = YES;
				GCC_WARN_ABOUT_RETURN_TYPE = YES_ERROR;
				GCC_WARN_UNDECLARED_SELECTOR = YES;
				GCC_WARN_UNINITIALIZED_AUTOS = YES_AGGRESSIVE;
				GCC_WARN_UNUSED_FUNCTION = YES;
				GCC_WARN_UNUSED_VARIABLE = YES;
				IPHONEOS_DEPLOYMENT_TARGET = 11.0;
				MTL_ENABLE_DEBUG_INFO = YES;
				ONLY_ACTIVE_ARCH = YES;
				SDKROOT = iphoneos;
			};
			name = Debug;
		};
		732C90F71F8B1F7500F22AB1 /* Release */ = {
			isa = XCBuildConfiguration;
			buildSettings = {
				ALWAYS_SEARCH_USER_PATHS = NO;
				CLANG_ANALYZER_NONNULL = YES;
				CLANG_ANALYZER_NUMBER_OBJECT_CONVERSION = YES_AGGRESSIVE;
				CLANG_CXX_LANGUAGE_STANDARD = "gnu++14";
				CLANG_CXX_LIBRARY = "libc++";
				CLANG_ENABLE_MODULES = YES;
				CLANG_ENABLE_OBJC_ARC = YES;
				CLANG_WARN_BLOCK_CAPTURE_AUTORELEASING = YES;
				CLANG_WARN_BOOL_CONVERSION = YES;
				CLANG_WARN_COMMA = YES;
				CLANG_WARN_CONSTANT_CONVERSION = YES;
				CLANG_WARN_DIRECT_OBJC_ISA_USAGE = YES_ERROR;
				CLANG_WARN_DOCUMENTATION_COMMENTS = YES;
				CLANG_WARN_EMPTY_BODY = YES;
				CLANG_WARN_ENUM_CONVERSION = YES;
				CLANG_WARN_INFINITE_RECURSION = YES;
				CLANG_WARN_INT_CONVERSION = YES;
				CLANG_WARN_NON_LITERAL_NULL_CONVERSION = YES;
				CLANG_WARN_OBJC_LITERAL_CONVERSION = YES;
				CLANG_WARN_OBJC_ROOT_CLASS = YES_ERROR;
				CLANG_WARN_RANGE_LOOP_ANALYSIS = YES;
				CLANG_WARN_STRICT_PROTOTYPES = YES;
				CLANG_WARN_SUSPICIOUS_MOVE = YES;
				CLANG_WARN_UNGUARDED_AVAILABILITY = YES_AGGRESSIVE;
				CLANG_WARN_UNREACHABLE_CODE = YES;
				CLANG_WARN__DUPLICATE_METHOD_MATCH = YES;
				CODE_SIGN_IDENTITY = "iPhone Developer";
				COPY_PHASE_STRIP = NO;
				DEBUG_INFORMATION_FORMAT = "dwarf-with-dsym";
				ENABLE_NS_ASSERTIONS = NO;
				ENABLE_STRICT_OBJC_MSGSEND = YES;
				GCC_C_LANGUAGE_STANDARD = gnu11;
				GCC_NO_COMMON_BLOCKS = YES;
				GCC_WARN_64_TO_32_BIT_CONVERSION = YES;
				GCC_WARN_ABOUT_RETURN_TYPE = YES_ERROR;
				GCC_WARN_UNDECLARED_SELECTOR = YES;
				GCC_WARN_UNINITIALIZED_AUTOS = YES_AGGRESSIVE;
				GCC_WARN_UNUSED_FUNCTION = YES;
				GCC_WARN_UNUSED_VARIABLE = YES;
				IPHONEOS_DEPLOYMENT_TARGET = 11.0;
				MTL_ENABLE_DEBUG_INFO = NO;
				SDKROOT = iphoneos;
				VALIDATE_PRODUCT = YES;
			};
			name = Release;
		};
		732C90F91F8B1F7500F22AB1 /* Debug */ = {
			isa = XCBuildConfiguration;
			baseConfigurationReference = D7C06143BF9BBBD194B72D46 /* Pods-HZHttpCache.debug.xcconfig */;
			buildSettings = {
				ASSETCATALOG_COMPILER_APPICON_NAME = AppIcon;
				CODE_SIGN_STYLE = Automatic;
				DEVELOPMENT_TEAM = MF9E79MNS4;
				INFOPLIST_FILE = HZHttpCache/Info.plist;
				IPHONEOS_DEPLOYMENT_TARGET = 8.0;
				LD_RUNPATH_SEARCH_PATHS = "$(inherited) @executable_path/Frameworks";
				PRODUCT_BUNDLE_IDENTIFIER = HZ.HZHttpCache;
				PRODUCT_NAME = "$(TARGET_NAME)";
				TARGETED_DEVICE_FAMILY = "1,2";
			};
			name = Debug;
		};
		732C90FA1F8B1F7500F22AB1 /* Release */ = {
			isa = XCBuildConfiguration;
			baseConfigurationReference = 9A797A3663BBACBB34A455DC /* Pods-HZHttpCache.release.xcconfig */;
			buildSettings = {
				ASSETCATALOG_COMPILER_APPICON_NAME = AppIcon;
				CODE_SIGN_STYLE = Automatic;
				DEVELOPMENT_TEAM = MF9E79MNS4;
				INFOPLIST_FILE = HZHttpCache/Info.plist;
				IPHONEOS_DEPLOYMENT_TARGET = 8.0;
				LD_RUNPATH_SEARCH_PATHS = "$(inherited) @executable_path/Frameworks";
				PRODUCT_BUNDLE_IDENTIFIER = HZ.HZHttpCache;
				PRODUCT_NAME = "$(TARGET_NAME)";
				TARGETED_DEVICE_FAMILY = "1,2";
			};
			name = Release;
		};
/* End XCBuildConfiguration section */

/* Begin XCConfigurationList section */
		732C90DD1F8B1F7500F22AB1 /* Build configuration list for PBXProject "HZHttpCache" */ = {
			isa = XCConfigurationList;
			buildConfigurations = (
				732C90F61F8B1F7500F22AB1 /* Debug */,
				732C90F71F8B1F7500F22AB1 /* Release */,
			);
			defaultConfigurationIsVisible = 0;
			defaultConfigurationName = Release;
		};
		732C90F81F8B1F7500F22AB1 /* Build configuration list for PBXNativeTarget "HZHttpCache" */ = {
			isa = XCConfigurationList;
			buildConfigurations = (
				732C90F91F8B1F7500F22AB1 /* Debug */,
				732C90FA1F8B1F7500F22AB1 /* Release */,
			);
			defaultConfigurationIsVisible = 0;
			defaultConfigurationName = Release;
		};
/* End XCConfigurationList section */
	};
	rootObject = 732C90DA1F8B1F7500F22AB1 /* Project object */;
}
